
Microsoft Visual Studio Solution File, Format Version 12.00
# Visual Studio Version 16
VisualStudioVersion = 16.0.29613.14
MinimumVisualStudioVersion = 10.0.40219.1
Project("{FAE04EC0-301F-11D3-BF4B-00C04F79EFBC}") = "matriz", "matriz.csproj", "{885121A3-B07A-4C8D-996F-CFB6F37B20D5}"
EndProject
Global
	GlobalSection(SolutionConfigurationPlatforms) = preSolution
		Debug|Any CPU = Debug|Any CPU
		Release|Any CPU = Release|Any CPU
	EndGlobalSection
	GlobalSection(ProjectConfigurationPlatforms) = postSolution
		{885121A3-B07A-4C8D-996F-CFB6F37B20D5}.Debug|Any CPU.ActiveCfg = Debug|Any CPU
		{885121A3-B07A-4C8D-996F-CFB6F37B20D5}.Debug|Any CPU.Build.0 = Debug|Any CPU
		{885121A3-B07A-4C8D-996F-CFB6F37B20D5}.Release|Any CPU.ActiveCfg = Release|Any CPU
		{885121A3-B07A-4C8D-996F-CFB6F37B20D5}.Release|Any CPU.Build.0 = Release|Any CPU
	EndGlobalSection
	GlobalSection(SolutionProperties) = preSolution
		HideSolutionNode = FALSE
	EndGlobalSection
	GlobalSection(ExtensibilityGlobals) = postSolution
		SolutionGuid = {FA8ED6B0-58D5-4F44-8ABF-82F55B7888B3}
	EndGlobalSection
EndGlobal
