
Microsoft Visual Studio Solution File, Format Version 12.00
# Visual Studio Version 16
VisualStudioVersion = 16.0.29613.14
MinimumVisualStudioVersion = 10.0.40219.1
Project("{FAE04EC0-301F-11D3-BF4B-00C04F79EFBC}") = "couser5", "couser5.csproj", "{CBDC69B6-319A-454A-929C-0AAE87E31F04}"
EndProject
Global
	GlobalSection(SolutionConfigurationPlatforms) = preSolution
		Debug|Any CPU = Debug|Any CPU
		Release|Any CPU = Release|Any CPU
	EndGlobalSection
	GlobalSection(ProjectConfigurationPlatforms) = postSolution
		{CBDC69B6-319A-454A-929C-0AAE87E31F04}.Debug|Any CPU.ActiveCfg = Debug|Any CPU
		{CBDC69B6-319A-454A-929C-0AAE87E31F04}.Debug|Any CPU.Build.0 = Debug|Any CPU
		{CBDC69B6-319A-454A-929C-0AAE87E31F04}.Release|Any CPU.ActiveCfg = Release|Any CPU
		{CBDC69B6-319A-454A-929C-0AAE87E31F04}.Release|Any CPU.Build.0 = Release|Any CPU
	EndGlobalSection
	GlobalSection(SolutionProperties) = preSolution
		HideSolutionNode = FALSE
	EndGlobalSection
	GlobalSection(ExtensibilityGlobals) = postSolution
		SolutionGuid = {68B7A3EF-D9DF-41D8-AFF0-B34E86E2C040}
	EndGlobalSection
EndGlobal
